{
  "name": "quickjs-test-thing",
  "version": "1.0.0",
  "lockfileVersion": 2,
  "requires": true,
  "packages": {
    "": {
      "name": "quickjs-test-thing",
      "version": "1.0.0",
      "license": "ISC",
      "dependencies": {
        "quickjs-emscripten": "^0.21.0"
      }
    },
    "node_modules/quickjs-emscripten": {
      "version": "0.21.0",
      "resolved": "https://registry.npmjs.org/quickjs-emscripten/-/quickjs-emscripten-0.21.0.tgz",
      "integrity": "sha512-tx0o6Ig3K3ehLBaw+p/DnPKrY88gsVpFf9VirEPZNrf/q1egzXOpBuqiHOlFIp9OghWovdeCH+J7jqc/YjYALA=="
    }
  },
  "dependencies": {
    "quickjs-emscripten": {
      "version": "0.21.0",
      "resolved": "https://registry.npmjs.org/quickjs-emscripten/-/quickjs-emscripten-0.21.0.tgz",
      "integrity": "sha512-tx0o6Ig3K3ehLBaw+p/DnPKrY88gsVpFf9VirEPZNrf/q1egzXOpBuqiHOlFIp9OghWovdeCH+J7jqc/YjYALA=="
    }
  }
}
